
Microsoft Visual Studio Solution File, Format Version 12.00
# Visual Studio Version 17
VisualStudioVersion = 17.1.32210.238
MinimumVisualStudioVersion = 10.0.40219.1
Project("{2150E333-8FDC-42A3-9474-1A3956D46DE8}") = "Tests", "Tests", "{50036716-26A3-4ADC-811F-410CAC5D1A26}"
EndProject
Project("{2150E333-8FDC-42A3-9474-1A3956D46DE8}") = "src", "src", "{42C1EE73-7CAC-4894-9238-7C76A5FF33A9}"
EndProject
Project("{FAE04EC0-301F-11D3-BF4B-00C04F79EFBC}") = "PlayerFlowX.Domain", "PlayerFlowX.Domain\PlayerFlowX.Domain.csproj", "{4DEE051E-C216-485D-8C29-08FBDF962ECC}"
EndProject
Project("{FAE04EC0-301F-11D3-BF4B-00C04F79EFBC}") = "PlayerFlowX.Business", "PlayerFlowX.Business\PlayerFlowX.Business.csproj", "{AD3846DB-03F0-486B-8300-6E04A4655FD0}"
EndProject
Project("{FAE04EC0-301F-11D3-BF4B-00C04F79EFBC}") = "PlayerFlowX.Infra", "PlayerFlowX.Infra\PlayerFlowX.Infra.csproj", "{5E867970-C01B-4131-B42C-9D77ED0A44C6}"
EndProject
Project("{FAE04EC0-301F-11D3-BF4B-00C04F79EFBC}") = "PlayerFlowX.Ioc", "PlayerFlowX.Ioc\PlayerFlowX.Ioc.csproj", "{6EFD61E7-8B06-4A60-97FA-6E8EE537A553}"
EndProject
Project("{FAE04EC0-301F-11D3-BF4B-00C04F79EFBC}") = "PlayerFlowX.ApplicationServices", "PlayerFlowX.ApplicationServices\PlayerFlowX.ApplicationServices.csproj", "{3A74ABD8-FDCC-4FEA-BE75-D9C91CA66B3E}"
EndProject
Project("{FAE04EC0-301F-11D3-BF4B-00C04F79EFBC}") = "PlayerFlowX.UnitTest", "PlayerFlowX.UnitTest\PlayerFlowX.UnitTest.csproj", "{298DBB02-7EF3-455B-BD77-6B9ACD97A3DE}"
EndProject
Project("{FAE04EC0-301F-11D3-BF4B-00C04F79EFBC}") = "PlayerFlowX.API", "PlayerFlowX.API\PlayerFlowX.API.csproj", "{3F130C4E-5E97-45A8-97D9-B2889B20E6A8}"
EndProject
Global
	GlobalSection(SolutionConfigurationPlatforms) = preSolution
		Debug|Any CPU = Debug|Any CPU
		Release|Any CPU = Release|Any CPU
	EndGlobalSection
	GlobalSection(ProjectConfigurationPlatforms) = postSolution
		{4DEE051E-C216-485D-8C29-08FBDF962ECC}.Debug|Any CPU.ActiveCfg = Debug|Any CPU
		{4DEE051E-C216-485D-8C29-08FBDF962ECC}.Debug|Any CPU.Build.0 = Debug|Any CPU
		{4DEE051E-C216-485D-8C29-08FBDF962ECC}.Release|Any CPU.ActiveCfg = Release|Any CPU
		{4DEE051E-C216-485D-8C29-08FBDF962ECC}.Release|Any CPU.Build.0 = Release|Any CPU
		{AD3846DB-03F0-486B-8300-6E04A4655FD0}.Debug|Any CPU.ActiveCfg = Debug|Any CPU
		{AD3846DB-03F0-486B-8300-6E04A4655FD0}.Debug|Any CPU.Build.0 = Debug|Any CPU
		{AD3846DB-03F0-486B-8300-6E04A4655FD0}.Release|Any CPU.ActiveCfg = Release|Any CPU
		{AD3846DB-03F0-486B-8300-6E04A4655FD0}.Release|Any CPU.Build.0 = Release|Any CPU
		{5E867970-C01B-4131-B42C-9D77ED0A44C6}.Debug|Any CPU.ActiveCfg = Debug|Any CPU
		{5E867970-C01B-4131-B42C-9D77ED0A44C6}.Debug|Any CPU.Build.0 = Debug|Any CPU
		{5E867970-C01B-4131-B42C-9D77ED0A44C6}.Release|Any CPU.ActiveCfg = Release|Any CPU
		{5E867970-C01B-4131-B42C-9D77ED0A44C6}.Release|Any CPU.Build.0 = Release|Any CPU
		{6EFD61E7-8B06-4A60-97FA-6E8EE537A553}.Debug|Any CPU.ActiveCfg = Debug|Any CPU
		{6EFD61E7-8B06-4A60-97FA-6E8EE537A553}.Debug|Any CPU.Build.0 = Debug|Any CPU
		{6EFD61E7-8B06-4A60-97FA-6E8EE537A553}.Release|Any CPU.ActiveCfg = Release|Any CPU
		{6EFD61E7-8B06-4A60-97FA-6E8EE537A553}.Release|Any CPU.Build.0 = Release|Any CPU
		{3A74ABD8-FDCC-4FEA-BE75-D9C91CA66B3E}.Debug|Any CPU.ActiveCfg = Debug|Any CPU
		{3A74ABD8-FDCC-4FEA-BE75-D9C91CA66B3E}.Debug|Any CPU.Build.0 = Debug|Any CPU
		{3A74ABD8-FDCC-4FEA-BE75-D9C91CA66B3E}.Release|Any CPU.ActiveCfg = Release|Any CPU
		{3A74ABD8-FDCC-4FEA-BE75-D9C91CA66B3E}.Release|Any CPU.Build.0 = Release|Any CPU
		{298DBB02-7EF3-455B-BD77-6B9ACD97A3DE}.Debug|Any CPU.ActiveCfg = Debug|Any CPU
		{298DBB02-7EF3-455B-BD77-6B9ACD97A3DE}.Debug|Any CPU.Build.0 = Debug|Any CPU
		{298DBB02-7EF3-455B-BD77-6B9ACD97A3DE}.Release|Any CPU.ActiveCfg = Release|Any CPU
		{298DBB02-7EF3-455B-BD77-6B9ACD97A3DE}.Release|Any CPU.Build.0 = Release|Any CPU
		{3F130C4E-5E97-45A8-97D9-B2889B20E6A8}.Debug|Any CPU.ActiveCfg = Debug|Any CPU
		{3F130C4E-5E97-45A8-97D9-B2889B20E6A8}.Debug|Any CPU.Build.0 = Debug|Any CPU
		{3F130C4E-5E97-45A8-97D9-B2889B20E6A8}.Release|Any CPU.ActiveCfg = Release|Any CPU
		{3F130C4E-5E97-45A8-97D9-B2889B20E6A8}.Release|Any CPU.Build.0 = Release|Any CPU
	EndGlobalSection
	GlobalSection(SolutionProperties) = preSolution
		HideSolutionNode = FALSE
	EndGlobalSection
	GlobalSection(NestedProjects) = preSolution
		{4DEE051E-C216-485D-8C29-08FBDF962ECC} = {42C1EE73-7CAC-4894-9238-7C76A5FF33A9}
		{AD3846DB-03F0-486B-8300-6E04A4655FD0} = {42C1EE73-7CAC-4894-9238-7C76A5FF33A9}
		{5E867970-C01B-4131-B42C-9D77ED0A44C6} = {42C1EE73-7CAC-4894-9238-7C76A5FF33A9}
		{6EFD61E7-8B06-4A60-97FA-6E8EE537A553} = {42C1EE73-7CAC-4894-9238-7C76A5FF33A9}
		{3A74ABD8-FDCC-4FEA-BE75-D9C91CA66B3E} = {42C1EE73-7CAC-4894-9238-7C76A5FF33A9}
		{298DBB02-7EF3-455B-BD77-6B9ACD97A3DE} = {50036716-26A3-4ADC-811F-410CAC5D1A26}
		{3F130C4E-5E97-45A8-97D9-B2889B20E6A8} = {42C1EE73-7CAC-4894-9238-7C76A5FF33A9}
	EndGlobalSection
	GlobalSection(ExtensibilityGlobals) = postSolution
		SolutionGuid = {A01D0A21-A578-4241-9B5A-B957700539F0}
	EndGlobalSection
EndGlobal
